
Microsoft Visual Studio Solution File, Format Version 12.00
# Visual Studio Express 15 for Windows Desktop
VisualStudioVersion = 15.0.27703.2047
MinimumVisualStudioVersion = 10.0.40219.1
Project("{FAE04EC0-301F-11D3-BF4B-00C04F79EFBC}") = "PeerChat", "PeerChat\PeerChat.csproj", "{6404430C-70F2-4DAB-BCE1-0EC68517BF79}"
EndProject
Global
	GlobalSection(SolutionConfigurationPlatforms) = preSolution
		Debug|Any CPU = Debug|Any CPU
		Release|Any CPU = Release|Any CPU
	EndGlobalSection
	GlobalSection(ProjectConfigurationPlatforms) = postSolution
		{6404430C-70F2-4DAB-BCE1-0EC68517BF79}.Debug|Any CPU.ActiveCfg = Debug|Any CPU
		{6404430C-70F2-4DAB-BCE1-0EC68517BF79}.Debug|Any CPU.Build.0 = Debug|Any CPU
		{6404430C-70F2-4DAB-BCE1-0EC68517BF79}.Release|Any CPU.ActiveCfg = Release|Any CPU
		{6404430C-70F2-4DAB-BCE1-0EC68517BF79}.Release|Any CPU.Build.0 = Release|Any CPU
	EndGlobalSection
	GlobalSection(SolutionProperties) = preSolution
		HideSolutionNode = FALSE
	EndGlobalSection
	GlobalSection(ExtensibilityGlobals) = postSolution
		SolutionGuid = {FEA5A816-63D7-49C7-BE3A-AA5EE679B40B}
	EndGlobalSection
EndGlobal
